
Microsoft Visual Studio Solution File, Format Version 12.00
# Visual Studio Version 16
VisualStudioVersion = 16.0.30503.244
MinimumVisualStudioVersion = 10.0.40219.1
Project("{FAE04EC0-301F-11D3-BF4B-00C04F79EFBC}") = "CalculadoraTPProg2021", "CalculadoraTPProg2021\CalculadoraTPProg2021.csproj", "{5A659781-65A7-49D9-9846-272D86A8F4B0}"
EndProject
Global
	GlobalSection(SolutionConfigurationPlatforms) = preSolution
		Debug|Any CPU = Debug|Any CPU
		Release|Any CPU = Release|Any CPU
	EndGlobalSection
	GlobalSection(ProjectConfigurationPlatforms) = postSolution
		{5A659781-65A7-49D9-9846-272D86A8F4B0}.Debug|Any CPU.ActiveCfg = Debug|Any CPU
		{5A659781-65A7-49D9-9846-272D86A8F4B0}.Debug|Any CPU.Build.0 = Debug|Any CPU
		{5A659781-65A7-49D9-9846-272D86A8F4B0}.Release|Any CPU.ActiveCfg = Release|Any CPU
		{5A659781-65A7-49D9-9846-272D86A8F4B0}.Release|Any CPU.Build.0 = Release|Any CPU
	EndGlobalSection
	GlobalSection(SolutionProperties) = preSolution
		HideSolutionNode = FALSE
	EndGlobalSection
	GlobalSection(ExtensibilityGlobals) = postSolution
		SolutionGuid = {2179D494-F696-4B62-A6C2-4180B006D629}
	EndGlobalSection
EndGlobal
